# This file is automatically @generated by Cargo.
# It is not intended for manual editing.
[[package]]
name = "bin-hello"
version = "0.4.9"
dependencies = [
 "hello_exercism 0.4.9 (registry+https://github.com/rust-lang/crates.io-index)",
]

[[package]]
name = "bin-local-hello"
version = "0.1.0"
dependencies = [
 "hello_exercism 0.4.10",
]

[[package]]
name = "hello_exercism"
version = "0.4.9"
source = "registry+https://github.com/rust-lang/crates.io-index"
dependencies = [
 "hello_extern 0.1.1 (registry+https://github.com/rust-lang/crates.io-index)",
]

[[package]]
name = "hello_exercism"
version = "0.4.10"
dependencies = [
 "hello_extern 0.1.1 (registry+https://github.com/rust-lang/crates.io-index)",
]

[[package]]
name = "hello_extern"
version = "0.1.1"

[[package]]
name = "hello_extern"
version = "0.1.1"
source = "registry+https://github.com/rust-lang/crates.io-index"

[metadata]
"checksum hello_exercism 0.4.9 (registry+https://github.com/rust-lang/crates.io-index)" = "57f11223c35f68a2d7ff2db9b3c541fccb6018e05d7c4d1a1a81ca68581785ed"
"checksum hello_extern 0.1.1 (registry+https://github.com/rust-lang/crates.io-index)" = "2e3c72e51b22afef2c01cd0fa58c5d2afce4c18a66e744494720a8c00e8eabdb"
