# This file is automatically @generated by Cargo.
# It is not intended for manual editing.
[[package]]
name = "hello-trait"
version = "0.2.5"
dependencies = [
 "trait_exerci 0.2.5 (registry+https://github.com/rust-lang/crates.io-index)",
]

[[package]]
name = "trait_exerci"
version = "0.2.5"
source = "registry+https://github.com/rust-lang/crates.io-index"

[[package]]
name = "trait_exerci"
version = "0.2.6"

[metadata]
"checksum trait_exerci 0.2.5 (registry+https://github.com/rust-lang/crates.io-index)" = "87ffbf39e44654328aaf0109196371ca65876c5519569b35c05118f0d7f60c26"
