# This file is automatically @generated by Cargo.
# It is not intended for manual editing.
[[package]]
name = "hello-trait"
version = "0.2.0"
dependencies = [
 "trait_exerci 0.2.0 (registry+https://github.com/rust-lang/crates.io-index)",
]

[[package]]
name = "trait_exerci"
version = "0.2.0"

[[package]]
name = "trait_exerci"
version = "0.2.0"
source = "registry+https://github.com/rust-lang/crates.io-index"

[metadata]
"checksum trait_exerci 0.2.0 (registry+https://github.com/rust-lang/crates.io-index)" = "c90f693d04bf950ada5f3b725575335fab307f4d1a7cef35dcfb7b035edecfa0"
